{
    "hash": "76d90dad0bf4dddceddda1e6a0cf565e",
    "packages": [
        {
            "name": "twig/twig",
            "version": "v1.12.2",
            "source": {
                "type": "git",
                "url": "git://github.com/fabpot/Twig.git",
                "reference": "v1.12.2"
            },
            "dist": {
                "type": "zip",
                "url": "https://api.github.com/repos/fabpot/Twig/zipball/v1.12.2",
                "reference": "v1.12.2",
                "shasum": ""
            },
            "require": {
                "php": ">=5.2.4"
            },
            "type": "library",
            "extra": {
                "branch-alias": {
                    "dev-master": "1.12-dev"
                }
            },
            "autoload": {
                "psr-0": {
                    "Twig_": "lib/"
                }
            },
            "notification-url": "http://packagist.org/downloads/",
            "license": [
                "BSD-3"
            ],
            "authors": [
                {
                    "name": "Fabien Potencier",
                    "email": "fabien@symfony.com"
                },
                {
                    "name": "Armin Ronacher",
                    "email": "armin.ronacher@active-4.com"
                }
            ],
            "description": "Twig, the flexible, fast, and secure template language for PHP",
            "homepage": "http://twig.sensiolabs.org",
            "keywords": [
                "templating"
            ],
            "time": "2013-02-09 18:21:53"
        },
        {
            "name": "vierbergenlars/simpletest",
            "version": "dev-master",
            "source": {
                "type": "git",
                "url": "https://github.com/vierbergenlars/simpletest.git",
                "reference": "22244271be6e9f50e200120e69212e24f4cba98e"
            },
            "dist": {
                "type": "zip",
                "url": "https://api.github.com/repos/vierbergenlars/simpletest/zipball/22244271be6e9f50e200120e69212e24f4cba98e",
                "reference": "22244271be6e9f50e200120e69212e24f4cba98e",
                "shasum": ""
            },
            "require": {
                "php": ">=5"
            },
            "type": "library",
            "autoload": {
                "classmap": [
                    ""
                ]
            },
            "notification-url": "http://packagist.org/downloads/",
            "license": [
                "LGPL"
            ],
            "authors": [
                {
                    "name": "Marcus Baker",
                    "homepage": "http://sourceforge.net/users/lastcraft"
                },
                {
                    "name": "Perrick Penet",
                    "homepage": "http://sourceforge.net/users/pp11"
                }
            ],
            "description": "Unit testing for PHP",
            "keywords": [
                "SimpleTest",
                "test",
                "testing",
                "unittest"
            ],
            "time": "2013-01-19 15:22:40"
        }
    ],
    "packages-dev": null,
    "aliases": [

    ],
    "minimum-stability": "stable",
    "stability-flags": {
        "vierbergenlars/simpletest": 20
    }
}
